
Microsoft Visual Studio Solution File, Format Version 12.00
# Visual Studio Version 16
VisualStudioVersion = 16.0.31402.337
MinimumVisualStudioVersion = 10.0.40219.1
Project("{FAE04EC0-301F-11D3-BF4B-00C04F79EFBC}") = "Avanade-SubTCSE-Projeto.Api", "Avanade-SubTCSE-Projeto.Api\Avanade-SubTCSE-Projeto.Api.csproj", "{47B32959-597E-43C0-9BE0-BF9FDCCC2AF0}"
EndProject
Global
	GlobalSection(SolutionConfigurationPlatforms) = preSolution
		Debug|Any CPU = Debug|Any CPU
		Release|Any CPU = Release|Any CPU
	EndGlobalSection
	GlobalSection(ProjectConfigurationPlatforms) = postSolution
		{47B32959-597E-43C0-9BE0-BF9FDCCC2AF0}.Debug|Any CPU.ActiveCfg = Debug|Any CPU
		{47B32959-597E-43C0-9BE0-BF9FDCCC2AF0}.Debug|Any CPU.Build.0 = Debug|Any CPU
		{47B32959-597E-43C0-9BE0-BF9FDCCC2AF0}.Release|Any CPU.ActiveCfg = Release|Any CPU
		{47B32959-597E-43C0-9BE0-BF9FDCCC2AF0}.Release|Any CPU.Build.0 = Release|Any CPU
	EndGlobalSection
	GlobalSection(SolutionProperties) = preSolution
		HideSolutionNode = FALSE
	EndGlobalSection
	GlobalSection(ExtensibilityGlobals) = postSolution
		SolutionGuid = {31F669B7-2ACF-4E49-A498-8C70BA33B73D}
	EndGlobalSection
EndGlobal
